<?xml version="1.0" encoding="utf-8"?>
<Project ToolsVersion="4.0" xmlns="http://schemas.microsoft.com/developer/msbuild/2003">
  <ItemGroup>
    <Filter Include="Source Files"><UniqueIdentifier>{25b371cd-2642-4eef-be98-b21158926374}</UniqueIdentifier></Filter>
    <Filter Include="Header Files"><UniqueIdentifier>{bcf2ae48-55c3-404e-832f-0268851042ad}</UniqueIdentifier></Filter>
    <Filter Include="Resource Files"><UniqueIdentifier>{0443a2b0-d0f2-4d93-a8b7-ac16fcb02165}</UniqueIdentifier></Filter>
    <Filter Include="Assets"><UniqueIdentifier>{2235aa56-74a5-4787-880f-3e26fb2f3aae}</UniqueIdentifier></Filter>
    <Filter Include="Third Party"><UniqueIdentifier>{00c1bef7-6060-442f-8315-c5a8d9ab7ee3}</UniqueIdentifier></Filter>
  </ItemGroup>
  <ItemGroup>
    <ClCompile Include="source\engine\audio\audioMixer.cpp"><Filter>Source Files</Filter></ClCompile>
    <ClCompile Include="source\engine\audio\stbVorbis.cpp"><Filter>Source Files</Filter></ClCompile>
    <ClCompile Include="source\engine\renderer\particleSystem.cpp"><Filter>Source Files</Filter></ClCompile>
    <ClCompile Include="source\main.cpp"><Filter>Source Files</Filter></ClCompile>
    <ClCompile Include="source\app\VoxelApplication.cpp"><Filter>Source Files</Filter></ClCompile>
    <ClCompile Include="source\engine\assets\assetManager.cpp"><Filter>Source Files</Filter></ClCompile>
    <ClCompile Include="source\engine\assets\cpuAsset.cpp"><Filter>Source Files</Filter></ClCompile>
    <ClCompile Include="source\engine\assets\gpuAsset.cpp"><Filter>Source Files</Filter></ClCompile>
    <ClCompile Include="source\engine\core\applicationPipeline.cpp"><Filter>Source Files</Filter></ClCompile>
    <ClCompile Include="source\engine\core\camera.cpp"><Filter>Source Files</Filter></ClCompile>
    <ClCompile Include="source\engine\core\debug.cpp"><Filter>Source Files</Filter></ClCompile>
    <ClCompile Include="source\engine\core\graphics.cpp"><Filter>Source Files</Filter></ClCompile>
    <ClCompile Include="source\engine\core\player.cpp"><Filter>Source Files</Filter></ClCompile>
    <ClCompile Include="source\engine\core\shader.cpp"><Filter>Source Files</Filter></ClCompile>
    <ClCompile Include="source\engine\core\texture.cpp"><Filter>Source Files</Filter></ClCompile>
    <ClCompile Include="source\engine\core\utility.cpp"><Filter>Source Files</Filter></ClCompile>
    <ClCompile Include="source\engine\core\window.cpp"><Filter>Source Files</Filter></ClCompile>
    <ClCompile Include="source\engine\renderer\buffer.cpp"><Filter>Source Files</Filter></ClCompile>
    <ClCompile Include="source\engine\renderer\dynamicRenderer.cpp"><Filter>Source Files</Filter></ClCompile>
    <ClCompile Include="source\engine\renderer\light.cpp"><Filter>Source Files</Filter></ClCompile>
    <ClCompile Include="source\engine\renderer\gpuFrameTimer.cpp"><Filter>Source Files</Filter></ClCompile>
    <ClCompile Include="source\engine\renderer\playerRenderer.cpp"><Filter>Source Files</Filter></ClCompile>
    <ClCompile Include="source\engine\renderer\staticRenderer.cpp"><Filter>Source Files</Filter></ClCompile>
    <ClCompile Include="source\engine\server\simulationServer.cpp"><Filter>Source Files</Filter></ClCompile>
    <ClCompile Include="source\engine\ui\nuklearImpl.cpp"><Filter>Source Files</Filter></ClCompile>
    <ClCompile Include="source\engine\world\chunk.cpp"><Filter>Source Files</Filter></ClCompile>
    <ClCompile Include="source\engine\world\chunkWorker.cpp"><Filter>Source Files</Filter></ClCompile>
    <ClCompile Include="source\engine\world\gpuChunkMesher.cpp"><Filter>Source Files</Filter></ClCompile>
    <ClCompile Include="source\engine\world\gpuTerrainGenerator.cpp"><Filter>Source Files</Filter></ClCompile>
    <ClCompile Include="source\engine\world\minecraftTerrainGeneration.cpp"><Filter>Source Files</Filter></ClCompile>
    <ClCompile Include="source\engine\world\terrainGeneration.cpp"><Filter>Source Files</Filter></ClCompile>
    <ClCompile Include="source\engine\world\waterPhysics.cpp"><Filter>Source Files</Filter></ClCompile>
    <ClCompile Include="source\engine\world\redstonePhysics.cpp"><Filter>Source Files</Filter></ClCompile>
    <ClCompile Include="source\engine\world\world.cpp"><Filter>Source Files</Filter></ClCompile>
    <ClCompile Include="source\engine\world\worldStreamer.cpp"><Filter>Source Files</Filter></ClCompile>
  </ItemGroup>
  <ItemGroup>
    <ClInclude Include="dependencies\DirectXTex\DirectXTex.h"><Filter>Third Party</Filter></ClInclude>
    <ClInclude Include="source\engine\core\inputKeys.h"><Filter>Header Files</Filter></ClInclude>
    <ClInclude Include="source\app\VoxelApplication.h"><Filter>Header Files</Filter></ClInclude>
    <ClInclude Include="source\engine\world\chunk.h"><Filter>Header Files</Filter></ClInclude>
    <ClInclude Include="source\engine\world\minecraftTerrainGeneration.h"><Filter>Header Files</Filter></ClInclude>
    <ClInclude Include="source\engine\world\terrainGeneration.h"><Filter>Header Files</Filter></ClInclude>
    <ClInclude Include="source\engine\world\waterPhysics.h"><Filter>Header Files</Filter></ClInclude>
    <ClInclude Include="source\engine\world\redstonePhysics.h"><Filter>Header Files</Filter></ClInclude>
    <ClInclude Include="source\engine\world\chunkWorker.h"><Filter>Header Files</Filter></ClInclude>
    <ClInclude Include="source\engine\world\gpuChunkMesher.h"><Filter>Header Files</Filter></ClInclude>
    <ClInclude Include="source\engine\world\gpuTerrainGenerator.h"><Filter>Header Files</Filter></ClInclude>
    <ClInclude Include="source\engine\assets\cpuAsset.h"><Filter>Header Files</Filter></ClInclude>
    <ClInclude Include="source\engine\assets\assetManager.h"><Filter>Header Files</Filter></ClInclude>
    <ClInclude Include="source\engine\core\texture.h"><Filter>Header Files</Filter></ClInclude>
    <ClInclude Include="source\engine\world\world.h"><Filter>Header Files</Filter></ClInclude>
    <ClInclude Include="source\engine\world\worldSaves.h"><Filter>Header Files</Filter></ClInclude>
    <ClInclude Include="source\engine\world\worldStreamer.h"><Filter>Header Files</Filter></ClInclude>
    <ClInclude Include="source\engine\renderer\buffer.h"><Filter>Header Files</Filter></ClInclude>
    <ClInclude Include="source\engine\server\simulationServer.h"><Filter>Header Files</Filter></ClInclude>
    <ClInclude Include="source\engine\renderer\gpuFrameTimer.h"><Filter>Header Files</Filter></ClInclude>
    <ClInclude Include="source\engine\core\camera.h"><Filter>Header Files</Filter></ClInclude>
    <ClInclude Include="source\engine\core\debug.h"><Filter>Header Files</Filter></ClInclude>
    <ClInclude Include="source\engine\core\player.h"><Filter>Header Files</Filter></ClInclude>
    <ClInclude Include="source\engine\core\graphics.h"><Filter>Header Files</Filter></ClInclude>
    <ClInclude Include="source\engine\core\applicationPipeline.h"><Filter>Header Files</Filter></ClInclude>
    <ClInclude Include="source\engine\core\shader.h"><Filter>Header Files</Filter></ClInclude>
    <ClInclude Include="source\engine\core\utility.h"><Filter>Header Files</Filter></ClInclude>
    <ClInclude Include="source\engine\core\window.h"><Filter>Header Files</Filter></ClInclude>
    <ClInclude Include="dependencies\rapidjson\allocators.h"><Filter>Third Party</Filter></ClInclude>
    <ClInclude Include="dependencies\rapidjson\document.h"><Filter>Third Party</Filter></ClInclude>
    <ClInclude Include="dependencies\rapidjson\encodedstream.h"><Filter>Third Party</Filter></ClInclude>
    <ClInclude Include="dependencies\rapidjson\encodings.h"><Filter>Third Party</Filter></ClInclude>
    <ClInclude Include="dependencies\rapidjson\error\en.h"><Filter>Third Party</Filter></ClInclude>
    <ClInclude Include="dependencies\rapidjson\error\error.h"><Filter>Third Party</Filter></ClInclude>
    <ClInclude Include="dependencies\rapidjson\filereadstream.h"><Filter>Third Party</Filter></ClInclude>
    <ClInclude Include="dependencies\rapidjson\filewritestream.h"><Filter>Third Party</Filter></ClInclude>
    <ClInclude Include="dependencies\rapidjson\fwd.h"><Filter>Third Party</Filter></ClInclude>
    <ClInclude Include="dependencies\rapidjson\internal\biginteger.h"><Filter>Third Party</Filter></ClInclude>
    <ClInclude Include="dependencies\rapidjson\internal\diyfp.h"><Filter>Third Party</Filter></ClInclude>
    <ClInclude Include="dependencies\rapidjson\internal\dtoa.h"><Filter>Third Party</Filter></ClInclude>
    <ClInclude Include="dependencies\rapidjson\internal\ieee754.h"><Filter>Third Party</Filter></ClInclude>
    <ClInclude Include="dependencies\rapidjson\internal\itoa.h"><Filter>Third Party</Filter></ClInclude>
    <ClInclude Include="dependencies\rapidjson\internal\meta.h"><Filter>Third Party</Filter></ClInclude>
    <ClInclude Include="dependencies\rapidjson\internal\pow10.h"><Filter>Third Party</Filter></ClInclude>
    <ClInclude Include="dependencies\rapidjson\internal\regex.h"><Filter>Third Party</Filter></ClInclude>
    <ClInclude Include="dependencies\rapidjson\internal\stack.h"><Filter>Third Party</Filter></ClInclude>
    <ClInclude Include="dependencies\rapidjson\internal\strfunc.h"><Filter>Third Party</Filter></ClInclude>
    <ClInclude Include="dependencies\rapidjson\internal\strtod.h"><Filter>Third Party</Filter></ClInclude>
    <ClInclude Include="dependencies\rapidjson\internal\swap.h"><Filter>Third Party</Filter></ClInclude>
    <ClInclude Include="dependencies\rapidjson\istreamwrapper.h"><Filter>Third Party</Filter></ClInclude>
    <ClInclude Include="dependencies\rapidjson\memorybuffer.h"><Filter>Third Party</Filter></ClInclude>
    <ClInclude Include="dependencies\rapidjson\memorystream.h"><Filter>Third Party</Filter></ClInclude>
    <ClInclude Include="dependencies\rapidjson\msinttypes\inttypes.h"><Filter>Third Party</Filter></ClInclude>
    <ClInclude Include="dependencies\rapidjson\msinttypes\stdint.h"><Filter>Third Party</Filter></ClInclude>
    <ClInclude Include="dependencies\rapidjson\ostreamwrapper.h"><Filter>Third Party</Filter></ClInclude>
    <ClInclude Include="dependencies\rapidjson\pointer.h"><Filter>Third Party</Filter></ClInclude>
    <ClInclude Include="dependencies\rapidjson\prettywriter.h"><Filter>Third Party</Filter></ClInclude>
    <ClInclude Include="dependencies\rapidjson\rapidjson.h"><Filter>Third Party</Filter></ClInclude>
    <ClInclude Include="dependencies\rapidjson\reader.h"><Filter>Third Party</Filter></ClInclude>
    <ClInclude Include="dependencies\rapidjson\schema.h"><Filter>Third Party</Filter></ClInclude>
    <ClInclude Include="dependencies\rapidjson\stream.h"><Filter>Third Party</Filter></ClInclude>
    <ClInclude Include="dependencies\rapidjson\stringbuffer.h"><Filter>Third Party</Filter></ClInclude>
    <ClInclude Include="dependencies\rapidjson\writer.h"><Filter>Third Party</Filter></ClInclude>
    <ClInclude Include="source\engine\assets\gpuAsset.h"><Filter>Header Files</Filter></ClInclude>
    <ClInclude Include="source\engine\renderer\light.h"><Filter>Header Files</Filter></ClInclude>
    <ClInclude Include="source\engine\renderer\staticRenderer.h"><Filter>Header Files</Filter></ClInclude>
    <ClInclude Include="source\engine\renderer\dynamicRenderer.h"><Filter>Header Files</Filter></ClInclude>
    <ClInclude Include="source\engine\renderer\playerRenderer.h"><Filter>Header Files</Filter></ClInclude>
    <ClInclude Include="source\engine\core\playerPose.h"><Filter>Header Files</Filter></ClInclude>
    <ClInclude Include="source\engine\ui\uiInputState.h"><Filter>Header Files</Filter></ClInclude>
    <ClInclude Include="source\engine\ui\uiScreens.h"><Filter>Header Files</Filter></ClInclude>
    <ClInclude Include="source\engine\audio\audioMixer.h"><Filter>Header Files</Filter></ClInclude>
    <ClInclude Include="source\engine\renderer\particleSystem.h"><Filter>Header Files</Filter></ClInclude>
    <ClInclude Include="source\engine\world\blockEntities.h"><Filter>Header Files</Filter></ClInclude>
  </ItemGroup>
  <ItemGroup>
    <None Include="assets\shader\basic.hlsl"><Filter>Assets</Filter></None>
    <None Include="assets\shader\staticVertex.hlsl"><Filter>Assets</Filter></None>
    <None Include="assets\shader\staticPixel.hlsl"><Filter>Assets</Filter></None>
    <None Include="assets\shader\sky.hlsl"><Filter>Assets</Filter></None>
    <None Include="assets\shader\directionalShadowVertex.hlsl"><Filter>Assets</Filter></None>
    <None Include="assets\shader\directionalFaceShadowVertex.hlsl"><Filter>Assets</Filter></None>
    <None Include="assets\shader\playerShadow.hlsl"><Filter>Assets</Filter></None>
    <None Include="assets\shader\pointShadowVertex.hlsl"><Filter>Assets</Filter></None>
    <None Include="assets\shader\pointShadowPixel.hlsl"><Filter>Assets</Filter></None>
    <None Include="assets\hitbox\cube.json"><Filter>Assets</Filter></None>
    <None Include="assets\material\glass.json"><Filter>Assets</Filter></None>
    <None Include="assets\material\grass.json"><Filter>Assets</Filter></None>
    <None Include="assets\material\dirt.json"><Filter>Assets</Filter></None>
    <None Include="assets\material\grass_side.json"><Filter>Assets</Filter></None>
    <None Include="assets\material\stone.json"><Filter>Assets</Filter></None>
    <None Include="assets\material\water.json"><Filter>Assets</Filter></None>
    <None Include="assets\model\cube.json"><Filter>Assets</Filter></None>
    <None Include="assets\model\door_closed.json"><Filter>Assets</Filter></None>
    <None Include="assets\model\door_open.json"><Filter>Assets</Filter></None>
    <None Include="assets\shader\chunkFaceMesher.hlsl"><Filter>Assets</Filter></None>
    <None Include="assets\shader\chunkFaceVertex.hlsl"><Filter>Assets</Filter></None>
    <None Include="assets\shader\chunkFaceShadowVertex.hlsl"><Filter>Assets</Filter></None>
    <None Include="assets\shader\gpuTerrainGeneration.hlsl"><Filter>Assets</Filter></None>
    <None Include="assets\shader\chunkVoxelHalo.hlsl"><Filter>Assets</Filter></None>
    <None Include="assets\shader\player.hlsl"><Filter>Assets</Filter></None>
    <None Include="assets\shader\blockOutline.hlsl"><Filter>Assets</Filter></None>
    <None Include="assets\shader\crosshair.hlsl"><Filter>Assets</Filter></None>
    <None Include="assets\shader\particle.hlsl"><Filter>Assets</Filter></None>
    <None Include="assets\block\blocks.json"><Filter>Assets</Filter></None>
    <None Include="assets\player\animation.json"><Filter>Assets</Filter></None>
    <None Include="assets\player\held_items.json"><Filter>Assets</Filter></None>
    <None Include="dependencies\DirectXTex\DirectXTex.inl"><Filter>Third Party</Filter></None>
  </ItemGroup>
  <ItemGroup>
    <Image Include="assets\textures\entity\player.png"><Filter>Assets</Filter></Image>
  </ItemGroup>
</Project>

