<?xml version="1.0" encoding="utf-8"?>
<Project ToolsVersion="4.0" xmlns="http://schemas.microsoft.com/developer/msbuild/2003">
  <ItemGroup>
    <Filter Include="Source Files">
      <UniqueIdentifier>{4FC737F1-C7A5-4376-A066-2A32D752A2FF}</UniqueIdentifier>
      <Extensions>cpp;c;cc;cxx;c++;cppm;ixx;def;odl;idl;hpj;bat;asm;asmx</Extensions>
    </Filter>
    <Filter Include="Header Files">
      <UniqueIdentifier>{93995380-89BD-4b04-88EB-625FBE52EBFB}</UniqueIdentifier>
      <Extensions>h;hh;hpp;hxx;h++;hm;inl;inc;ipp;xsd</Extensions>
    </Filter>
    <Filter Include="Resource Files">
      <UniqueIdentifier>{67DA6AB6-F800-4c08-8B7A-83BB121AAD01}</UniqueIdentifier>
      <Extensions>rc;ico;cur;bmp;dlg;rc2;rct;bin;rgs;gif;jpg;jpeg;jpe;resx;tiff;tif;png;wav;mfcribbon-ms</Extensions>
    </Filter>
  </ItemGroup>
  <ItemGroup>
    <ClCompile Include="source\main.cpp">
      <Filter>Source Files</Filter>
    </ClCompile>
  </ItemGroup>
  <ItemGroup>
    <ClInclude Include="dependencies\header\player.h">
      <Filter>Header Files</Filter>
    </ClInclude>
    <ClInclude Include="dependencies\header\window.h">
      <Filter>Header Files</Filter>
    </ClInclude>
    <ClInclude Include="dependencies\GLFW\include\GLFW\glfw3.h">
      <Filter>Header Files</Filter>
    </ClInclude>
    <ClInclude Include="dependencies\GLFW\include\GLFW\glfw3native.h">
      <Filter>Header Files</Filter>
    </ClInclude>
    <ClInclude Include="dependencies\header\debug.h">
      <Filter>Header Files</Filter>
    </ClInclude>
    <ClInclude Include="dependencies\renderer\buffer.h">
      <Filter>Header Files</Filter>
    </ClInclude>
    <ClInclude Include="dependencies\header\camera.h">
      <Filter>Header Files</Filter>
    </ClInclude>
    <ClInclude Include="dependencies\header\graphics.h">
      <Filter>Header Files</Filter>
    </ClInclude>
    <ClInclude Include="dependencies\header\applicationPipeline.h">
      <Filter>Header Files</Filter>
    </ClInclude>
    <ClInclude Include="dependencies\header\shader.h">
      <Filter>Header Files</Filter>
    </ClInclude>
    <ClInclude Include="dependencies\header\utility.h">
      <Filter>Header Files</Filter>
    </ClInclude>
    <ClInclude Include="dependencies\assetManager\cpuAsset.h">
      <Filter>Header Files</Filter>
    </ClInclude>
    <ClInclude Include="dependencies\DirectXTex\DirectXTex.h">
      <Filter>Header Files</Filter>
    </ClInclude>
    <ClInclude Include="dependencies\rapidjson\error\en.h">
      <Filter>Header Files</Filter>
    </ClInclude>
    <ClInclude Include="dependencies\rapidjson\error\error.h">
      <Filter>Header Files</Filter>
    </ClInclude>
    <ClInclude Include="dependencies\rapidjson\internal\biginteger.h">
      <Filter>Header Files</Filter>
    </ClInclude>
    <ClInclude Include="dependencies\rapidjson\internal\diyfp.h">
      <Filter>Header Files</Filter>
    </ClInclude>
    <ClInclude Include="dependencies\rapidjson\internal\dtoa.h">
      <Filter>Header Files</Filter>
    </ClInclude>
    <ClInclude Include="dependencies\rapidjson\internal\ieee754.h">
      <Filter>Header Files</Filter>
    </ClInclude>
    <ClInclude Include="dependencies\rapidjson\internal\itoa.h">
      <Filter>Header Files</Filter>
    </ClInclude>
    <ClInclude Include="dependencies\rapidjson\internal\meta.h">
      <Filter>Header Files</Filter>
    </ClInclude>
    <ClInclude Include="dependencies\rapidjson\internal\pow10.h">
      <Filter>Header Files</Filter>
    </ClInclude>
    <ClInclude Include="dependencies\rapidjson\internal\regex.h">
      <Filter>Header Files</Filter>
    </ClInclude>
    <ClInclude Include="dependencies\rapidjson\internal\stack.h">
      <Filter>Header Files</Filter>
    </ClInclude>
    <ClInclude Include="dependencies\rapidjson\internal\strfunc.h">
      <Filter>Header Files</Filter>
    </ClInclude>
    <ClInclude Include="dependencies\rapidjson\internal\strtod.h">
      <Filter>Header Files</Filter>
    </ClInclude>
    <ClInclude Include="dependencies\rapidjson\internal\swap.h">
      <Filter>Header Files</Filter>
    </ClInclude>
    <ClInclude Include="dependencies\rapidjson\msinttypes\inttypes.h">
      <Filter>Header Files</Filter>
    </ClInclude>
    <ClInclude Include="dependencies\rapidjson\msinttypes\stdint.h">
      <Filter>Header Files</Filter>
    </ClInclude>
    <ClInclude Include="dependencies\rapidjson\allocators.h">
      <Filter>Header Files</Filter>
    </ClInclude>
    <ClInclude Include="dependencies\rapidjson\document.h">
      <Filter>Header Files</Filter>
    </ClInclude>
    <ClInclude Include="dependencies\rapidjson\encodedstream.h">
      <Filter>Header Files</Filter>
    </ClInclude>
    <ClInclude Include="dependencies\rapidjson\encodings.h">
      <Filter>Header Files</Filter>
    </ClInclude>
    <ClInclude Include="dependencies\rapidjson\filereadstream.h">
      <Filter>Header Files</Filter>
    </ClInclude>
    <ClInclude Include="dependencies\rapidjson\filewritestream.h">
      <Filter>Header Files</Filter>
    </ClInclude>
    <ClInclude Include="dependencies\rapidjson\fwd.h">
      <Filter>Header Files</Filter>
    </ClInclude>
    <ClInclude Include="dependencies\rapidjson\istreamwrapper.h">
      <Filter>Header Files</Filter>
    </ClInclude>
    <ClInclude Include="dependencies\rapidjson\memorybuffer.h">
      <Filter>Header Files</Filter>
    </ClInclude>
    <ClInclude Include="dependencies\rapidjson\memorystream.h">
      <Filter>Header Files</Filter>
    </ClInclude>
    <ClInclude Include="dependencies\rapidjson\ostreamwrapper.h">
      <Filter>Header Files</Filter>
    </ClInclude>
    <ClInclude Include="dependencies\rapidjson\pointer.h">
      <Filter>Header Files</Filter>
    </ClInclude>
    <ClInclude Include="dependencies\rapidjson\prettywriter.h">
      <Filter>Header Files</Filter>
    </ClInclude>
    <ClInclude Include="dependencies\rapidjson\rapidjson.h">
      <Filter>Header Files</Filter>
    </ClInclude>
    <ClInclude Include="dependencies\rapidjson\reader.h">
      <Filter>Header Files</Filter>
    </ClInclude>
    <ClInclude Include="dependencies\rapidjson\schema.h">
      <Filter>Header Files</Filter>
    </ClInclude>
    <ClInclude Include="dependencies\rapidjson\stream.h">
      <Filter>Header Files</Filter>
    </ClInclude>
    <ClInclude Include="dependencies\rapidjson\stringbuffer.h">
      <Filter>Header Files</Filter>
    </ClInclude>
    <ClInclude Include="dependencies\rapidjson\writer.h">
      <Filter>Header Files</Filter>
    </ClInclude>
    <ClInclude Include="dependencies\header\renderer.h">
      <Filter>Header Files</Filter>
    </ClInclude>
    <ClInclude Include="dependencies\renderer\staticRenderer.h">
      <Filter>Header Files</Filter>
    </ClInclude>
    <ClInclude Include="dependencies\renderer\dynamicRenderer.h">
      <Filter>Header Files</Filter>
    </ClInclude>
    <ClInclude Include="dependencies\renderer\playerRenderer.h">
      <Filter>Header Files</Filter>
    </ClInclude>
    <ClInclude Include="dependencies\assetManager\assetManager.h">
      <Filter>Header Files</Filter>
    </ClInclude>
    <ClInclude Include="dependencies\assetManager\gpuAsset.h">
      <Filter>Header Files</Filter>
    </ClInclude>
    <ClInclude Include="dependencies\header\texture.h">
      <Filter>Header Files</Filter>
    </ClInclude>
    <ClInclude Include="dependencies\renderer\light.h">
      <Filter>Header Files</Filter>
    </ClInclude>
    <ClInclude Include="dependencies\ui\ui.h">
      <Filter>Header Files</Filter>
    </ClInclude>
    <ClInclude Include="dependencies\world\chunk.h">
      <Filter>Header Files</Filter>
    </ClInclude>
    <ClInclude Include="dependencies\world\minecraftTerrainGeneration.h">
      <Filter>Header Files</Filter>
    </ClInclude>
    <ClInclude Include="dependencies\world\world.h">
      <Filter>Header Files</Filter>
    </ClInclude>
    <ClInclude Include="dependencies\world\chunkWorker.h">
      <Filter>Header Files</Filter>
    </ClInclude>
    <ClInclude Include="dependencies\world\worldStreamer.h">
      <Filter>Header Files</Filter>
    </ClInclude>
    <ClInclude Include="dependencies\world\gpuChunkMesher.h">
      <Filter>Header Files</Filter>
    </ClInclude>
    <ClInclude Include="dependencies\world\gpuTerrainGenerator.h">
      <Filter>Header Files</Filter>
    </ClInclude>
  </ItemGroup>
  <ItemGroup>
    <None Include="assets\model\box.gltf" />
    <None Include="assets\model\box0.bin">
      <Filter>Resource Files</Filter>
    </None>
    <None Include="dependencies\DirectXTex\DirectXTex.inl">
      <Filter>Header Files</Filter>
    </None>
    <None Include="asset\material\stone.json" />
    <None Include="asset\hitbox\cube.json" />
    <None Include="asset\model\cube.json" />
    <None Include="asset\block\block.json" />
    <None Include="asset\material\grass.json" />
    <None Include="asset\material\dirt.json" />
    <None Include="asset\material\glass.json" />
    <None Include="asset\material\grass_side.json" />
    <None Include="asset\material\water.json" />
    <None Include="asset\shader\ui.hlsl" />
    <None Include="asset\shader\player.hlsl" />
    <None Include="asset\shader\blockOutline.hlsl" />
    <None Include="asset\shader\chunkFaceMesher.hlsl" />
    <None Include="asset\shader\chunkFaceVertex.hlsl" />
    <None Include="asset\shader\chunkFaceShadowVertex.hlsl" />
    <None Include="asset\shader\gpuTerrainGeneration.hlsl" />
    <None Include="asset\shader\chunkVoxelHalo.hlsl" />
  </ItemGroup>
  <ItemGroup>
    <Library Include="dependencies\GLFW\lib\glfw3.lib" />
    <Library Include="dependencies\GLFW\lib\glfw3dll.lib" />
  </ItemGroup>
  <ItemGroup>
    <Text Include="backup.txt" />
    <Text Include="check list.txt" />
  </ItemGroup>
  <ItemGroup>
    <Image Include="asset\texture\grass.png">
      <Filter>Resource Files</Filter>
    </Image>
    <Image Include="asset\texture\test.png">
      <Filter>Resource Files</Filter>
    </Image>
    <Image Include="asset\texture\player.png">
      <Filter>Resource Files</Filter>
    </Image>
    <Image Include="x64\Release\asset\texture\oliver-bullock-0bd25f675f9b05a8f8a34ade2bc9e822.png">
      <Filter>Resource Files</Filter>
    </Image>
  </ItemGroup>
</Project>